
Microsoft Visual Studio Solution File, Format Version 11.00
# Visual Studio 2010
Project("{FAE04EC0-301F-11D3-BF4B-00C04F79EFBC}") = "Assignment3", "Assignment3\Assignment3.csproj", "{217627A7-B34E-477E-9258-473CE5BE6D00}"
EndProject
Project("{FAE04EC0-301F-11D3-BF4B-00C04F79EFBC}") = "Testing", "Testing'\Testing.csproj", "{56B90361-CA46-49F3-B260-4F324756A259}"
EndProject
Project("{2150E333-8FDC-42A3-9474-1A3956D46DE8}") = "Solution Items", "Solution Items", "{B0A93B0C-5746-4FFA-8737-C8C8D8C68DEE}"
	ProjectSection(SolutionItems) = preProject
		Assignment3.vsmdi = Assignment3.vsmdi
		Local.testsettings = Local.testsettings
		TraceAndTestImpact.testsettings = TraceAndTestImpact.testsettings
	EndProjectSection
EndProject
Global
	GlobalSection(TestCaseManagementSettings) = postSolution
		CategoryFile = Assignment3.vsmdi
	EndGlobalSection
	GlobalSection(SolutionConfigurationPlatforms) = preSolution
		Debug|Any CPU = Debug|Any CPU
		Debug|Mixed Platforms = Debug|Mixed Platforms
		Debug|x86 = Debug|x86
		Release|Any CPU = Release|Any CPU
		Release|Mixed Platforms = Release|Mixed Platforms
		Release|x86 = Release|x86
	EndGlobalSection
	GlobalSection(ProjectConfigurationPlatforms) = postSolution
		{217627A7-B34E-477E-9258-473CE5BE6D00}.Debug|Any CPU.ActiveCfg = Debug|x86
		{217627A7-B34E-477E-9258-473CE5BE6D00}.Debug|Mixed Platforms.ActiveCfg = Debug|x86
		{217627A7-B34E-477E-9258-473CE5BE6D00}.Debug|Mixed Platforms.Build.0 = Debug|x86
		{217627A7-B34E-477E-9258-473CE5BE6D00}.Debug|x86.ActiveCfg = Debug|x86
		{217627A7-B34E-477E-9258-473CE5BE6D00}.Debug|x86.Build.0 = Debug|x86
		{217627A7-B34E-477E-9258-473CE5BE6D00}.Release|Any CPU.ActiveCfg = Release|x86
		{217627A7-B34E-477E-9258-473CE5BE6D00}.Release|Mixed Platforms.ActiveCfg = Release|x86
		{217627A7-B34E-477E-9258-473CE5BE6D00}.Release|Mixed Platforms.Build.0 = Release|x86
		{217627A7-B34E-477E-9258-473CE5BE6D00}.Release|x86.ActiveCfg = Release|x86
		{217627A7-B34E-477E-9258-473CE5BE6D00}.Release|x86.Build.0 = Release|x86
		{56B90361-CA46-49F3-B260-4F324756A259}.Debug|Any CPU.ActiveCfg = Debug|Any CPU
		{56B90361-CA46-49F3-B260-4F324756A259}.Debug|Any CPU.Build.0 = Debug|Any CPU
		{56B90361-CA46-49F3-B260-4F324756A259}.Debug|Mixed Platforms.ActiveCfg = Debug|Any CPU
		{56B90361-CA46-49F3-B260-4F324756A259}.Debug|Mixed Platforms.Build.0 = Debug|Any CPU
		{56B90361-CA46-49F3-B260-4F324756A259}.Debug|x86.ActiveCfg = Debug|Any CPU
		{56B90361-CA46-49F3-B260-4F324756A259}.Release|Any CPU.ActiveCfg = Release|Any CPU
		{56B90361-CA46-49F3-B260-4F324756A259}.Release|Any CPU.Build.0 = Release|Any CPU
		{56B90361-CA46-49F3-B260-4F324756A259}.Release|Mixed Platforms.ActiveCfg = Release|Any CPU
		{56B90361-CA46-49F3-B260-4F324756A259}.Release|Mixed Platforms.Build.0 = Release|Any CPU
		{56B90361-CA46-49F3-B260-4F324756A259}.Release|x86.ActiveCfg = Release|Any CPU
	EndGlobalSection
	GlobalSection(SolutionProperties) = preSolution
		HideSolutionNode = FALSE
	EndGlobalSection
EndGlobal
